
Microsoft Visual Studio Solution File, Format Version 12.00
# Visual Studio Version 16
VisualStudioVersion = 16.0.29424.173
MinimumVisualStudioVersion = 10.0.40219.1
Project("{FAE04EC0-301F-11D3-BF4B-00C04F79EFBC}") = "Assignment", "Assignment\Assignment.csproj", "{8988B1E6-3E24-46A0-89CD-F61637E4428E}"
EndProject
Global
	GlobalSection(SolutionConfigurationPlatforms) = preSolution
		Debug|Any CPU = Debug|Any CPU
		Release|Any CPU = Release|Any CPU
	EndGlobalSection
	GlobalSection(ProjectConfigurationPlatforms) = postSolution
		{8988B1E6-3E24-46A0-89CD-F61637E4428E}.Debug|Any CPU.ActiveCfg = Debug|Any CPU
		{8988B1E6-3E24-46A0-89CD-F61637E4428E}.Debug|Any CPU.Build.0 = Debug|Any CPU
		{8988B1E6-3E24-46A0-89CD-F61637E4428E}.Release|Any CPU.ActiveCfg = Release|Any CPU
		{8988B1E6-3E24-46A0-89CD-F61637E4428E}.Release|Any CPU.Build.0 = Release|Any CPU
	EndGlobalSection
	GlobalSection(SolutionProperties) = preSolution
		HideSolutionNode = FALSE
	EndGlobalSection
	GlobalSection(ExtensibilityGlobals) = postSolution
		SolutionGuid = {C1558DD7-2C43-4B3D-BD89-F5C2FA281133}
	EndGlobalSection
EndGlobal
